<Solution>
  <Configurations>
    <Platform Name="x64" />
    <Platform Name="ARM64" />
  </Configurations>
  <Folder Name="/src/">
    <Project Path="src/MicaFlyouts/MicaFlyouts.csproj">
      <Platform Solution="*|ARM64" Project="ARM64" />
      <Platform Solution="*|x64" Project="x64" />
    </Project>
  </Folder>
  <Folder Name="/tests/">
    <Project Path="tests/MicaFlyouts.Tests/MicaFlyouts.Tests.csproj" />
    <Project Path="tests/MicaFlyouts.ReactorSelfTests/MicaFlyouts.ReactorSelfTests.csproj">
      <Platform Solution="*|ARM64" Project="ARM64" />
      <Platform Solution="*|x64" Project="x64" />
    </Project>
    <Project Path="tests/MicaFlyouts.UITests/MicaFlyouts.UITests.csproj">
      <Platform Solution="*|ARM64" Project="ARM64" />
      <Platform Solution="*|x64" Project="x64" />
    </Project>
  </Folder>
</Solution>
